
Microsoft Visual Studio Solution File, Format Version 12.00
# Visual Studio Version 17
VisualStudioVersion = 17.9.34902.65
MinimumVisualStudioVersion = 10.0.40219.1
Project("{FAE04EC0-301F-11D3-BF4B-00C04F79EFBC}") = "Metodosvirtuales2", "Metodosvirtuales2\Metodosvirtuales2.csproj", "{C503BBCF-E95A-4CA8-A1BC-5DFAB038EA38}"
EndProject
Global
	GlobalSection(SolutionConfigurationPlatforms) = preSolution
		Debug|Any CPU = Debug|Any CPU
		Release|Any CPU = Release|Any CPU
	EndGlobalSection
	GlobalSection(ProjectConfigurationPlatforms) = postSolution
		{C503BBCF-E95A-4CA8-A1BC-5DFAB038EA38}.Debug|Any CPU.ActiveCfg = Debug|Any CPU
		{C503BBCF-E95A-4CA8-A1BC-5DFAB038EA38}.Debug|Any CPU.Build.0 = Debug|Any CPU
		{C503BBCF-E95A-4CA8-A1BC-5DFAB038EA38}.Release|Any CPU.ActiveCfg = Release|Any CPU
		{C503BBCF-E95A-4CA8-A1BC-5DFAB038EA38}.Release|Any CPU.Build.0 = Release|Any CPU
	EndGlobalSection
	GlobalSection(SolutionProperties) = preSolution
		HideSolutionNode = FALSE
	EndGlobalSection
	GlobalSection(ExtensibilityGlobals) = postSolution
		SolutionGuid = {AC2D8D77-3449-442A-87E8-8914C930F56C}
	EndGlobalSection
EndGlobal
